<?xml version="1.0" encoding="utf-8"?>
<Project ToolsVersion="4.0" xmlns="http://schemas.microsoft.com/developer/msbuild/2003">
  <ItemGroup>
    <Filter Include="Source Files">
      <UniqueIdentifier>{4FC737F1-C7A5-4376-A066-2A32D752A2FF}</UniqueIdentifier>
      <Extensions>cpp;c;cc;cxx;def;odl;idl;hpj;bat;asm;asmx</Extensions>
    </Filter>
    <Filter Include="Header Files">
      <UniqueIdentifier>{93995380-89BD-4b04-88EB-625FBE52EBFB}</UniqueIdentifier>
      <Extensions>h;hh;hpp;hxx;hm;inl;inc;xsd</Extensions>
    </Filter>
    <Filter Include="Resource Files">
      <UniqueIdentifier>{67DA6AB6-F800-4c08-8B7A-83BB121AAD01}</UniqueIdentifier>
      <Extensions>rc;ico;cur;bmp;dlg;rc2;rct;bin;rgs;gif;jpg;jpeg;jpe;resx;tiff;tif;png;wav;mfcribbon-ms</Extensions>
    </Filter>
    <Filter Include="Subsystems">
      <UniqueIdentifier>{9d268f73-4838-4d63-a024-6a42f9f2b733}</UniqueIdentifier>
    </Filter>
    <Filter Include="Input">
      <UniqueIdentifier>{811958c2-a46c-4655-8946-4feaec1b1363}</UniqueIdentifier>
    </Filter>
    <Filter Include="Rendering">
      <UniqueIdentifier>{89c3b8c9-07ed-4cdb-b063-8d3afc918f0d}</UniqueIdentifier>
    </Filter>
    <Filter Include="Character state &amp; scripts">
      <UniqueIdentifier>{85df1231-073d-4465-b155-6beebcc8d8f0}</UniqueIdentifier>
    </Filter>
  </ItemGroup>
  <ItemGroup>
    <ClCompile Include="main.cpp">
      <Filter>Source Files</Filter>
    </ClCompile>
    <ClCompile Include="taco_game.cpp">
      <Filter>Source Files</Filter>
    </ClCompile>
    <ClCompile Include="console_system.cpp">
      <Filter>Subsystems</Filter>
    </ClCompile>
    <ClCompile Include="player_graphics.cpp">
      <Filter>Source Files</Filter>
    </ClCompile>
    <ClCompile Include="collisions.cpp">
      <Filter>Source Files</Filter>
    </ClCompile>
    <ClCompile Include="logging_system.cpp">
      <Filter>Subsystems</Filter>
    </ClCompile>
    <ClCompile Include="input_buffer.cpp">
      <Filter>Input</Filter>
    </ClCompile>
    <ClCompile Include="input_handler.cpp">
      <Filter>Input</Filter>
    </ClCompile>
    <ClCompile Include="gamestate.cpp">
      <Filter>Source Files</Filter>
    </ClCompile>
    <ClCompile Include="state_manager.cpp">
      <Filter>Character state &amp; scripts</Filter>
    </ClCompile>
    <ClCompile Include="render_system.cpp">
      <Filter>Subsystems</Filter>
    </ClCompile>
  </ItemGroup>
  <ItemGroup>
    <ClInclude Include="defs.h">
      <Filter>Header Files</Filter>
    </ClInclude>
    <ClInclude Include="gamestate.h">
      <Filter>Header Files</Filter>
    </ClInclude>
    <ClInclude Include="taco_game.h">
      <Filter>Header Files</Filter>
    </ClInclude>
    <ClInclude Include="subsystems.h">
      <Filter>Subsystems</Filter>
    </ClInclude>
    <ClInclude Include="console_system.h">
      <Filter>Subsystems</Filter>
    </ClInclude>
    <ClInclude Include="player_graphics.h">
      <Filter>Header Files</Filter>
    </ClInclude>
    <ClInclude Include="permanent_state.h">
      <Filter>Header Files</Filter>
    </ClInclude>
    <ClInclude Include="collisions.h">
      <Filter>Header Files</Filter>
    </ClInclude>
    <ClInclude Include="logging_system.h">
      <Filter>Subsystems</Filter>
    </ClInclude>
    <ClInclude Include="input_buffer.h">
      <Filter>Input</Filter>
    </ClInclude>
    <ClInclude Include="input_handler.h">
      <Filter>Input</Filter>
    </ClInclude>
    <ClInclude Include="state_script.h">
      <Filter>Character state &amp; scripts</Filter>
    </ClInclude>
    <ClInclude Include="state_manager.h">
      <Filter>Character state &amp; scripts</Filter>
    </ClInclude>
    <ClInclude Include="script_elements.h">
      <Filter>Character state &amp; scripts</Filter>
    </ClInclude>
    <ClInclude Include="move_description.h">
      <Filter>Character state &amp; scripts</Filter>
    </ClInclude>
    <ClInclude Include="character_cmn_states.h">
      <Filter>Character state &amp; scripts</Filter>
    </ClInclude>
    <ClInclude Include="render_system.h">
      <Filter>Subsystems</Filter>
    </ClInclude>
  </ItemGroup>
</Project>