<?xml version="1.0" encoding="utf-8"?>
<Project ToolsVersion="4.0" xmlns="http://schemas.microsoft.com/developer/msbuild/2003">
  <ItemGroup>
    <Filter Include="Source Files">
      <UniqueIdentifier>{4FC737F1-C7A5-4376-A066-2A32D752A2FF}</UniqueIdentifier>
      <Extensions>cpp;c;cc;cxx;def;odl;idl;hpj;bat;asm;asmx</Extensions>
    </Filter>
    <Filter Include="Header Files">
      <UniqueIdentifier>{93995380-89BD-4b04-88EB-625FBE52EBFB}</UniqueIdentifier>
      <Extensions>h;hh;hpp;hxx;hm;inl;inc;xsd</Extensions>
    </Filter>
    <Filter Include="Resource Files">
      <UniqueIdentifier>{67DA6AB6-F800-4c08-8B7A-83BB121AAD01}</UniqueIdentifier>
      <Extensions>rc;ico;cur;bmp;dlg;rc2;rct;bin;rgs;gif;jpg;jpeg;jpe;resx;tiff;tif;png;wav;mfcribbon-ms</Extensions>
    </Filter>
    <Filter Include="Subsystems">
      <UniqueIdentifier>{9d268f73-4838-4d63-a024-6a42f9f2b733}</UniqueIdentifier>
    </Filter>
  </ItemGroup>
  <ItemGroup>
    <ClCompile Include="main.cpp">
      <Filter>Source Files</Filter>
    </ClCompile>
    <ClCompile Include="input_buffer.cpp">
      <Filter>Source Files</Filter>
    </ClCompile>
    <ClCompile Include="script_manager.cpp">
      <Filter>Source Files</Filter>
    </ClCompile>
    <ClCompile Include="taco_game.cpp">
      <Filter>Source Files</Filter>
    </ClCompile>
    <ClCompile Include="console_system.cpp">
      <Filter>Subsystems</Filter>
    </ClCompile>
    <ClCompile Include="render_system.cpp">
      <Filter>Subsystems</Filter>
    </ClCompile>
    <ClCompile Include="player_graphics.cpp">
      <Filter>Source Files</Filter>
    </ClCompile>
    <ClCompile Include="input_handler.cpp">
      <Filter>Subsystems</Filter>
    </ClCompile>
    <ClCompile Include="script_handler.cpp">
      <Filter>Source Files</Filter>
    </ClCompile>
    <ClCompile Include="collisions.cpp">
      <Filter>Source Files</Filter>
    </ClCompile>
    <ClCompile Include="logging_system.cpp">
      <Filter>Subsystems</Filter>
    </ClCompile>
    <ClCompile Include="gamestate.cpp">
      <Filter>Source Files</Filter>
    </ClCompile>
    <ClCompile Include="input_buf.cpp">
      <Filter>Source Files</Filter>
    </ClCompile>
  </ItemGroup>
  <ItemGroup>
    <ClInclude Include="input_buffer.h">
      <Filter>Header Files</Filter>
    </ClInclude>
    <ClInclude Include="defs.h">
      <Filter>Header Files</Filter>
    </ClInclude>
    <ClInclude Include="script_manager.h">
      <Filter>Header Files</Filter>
    </ClInclude>
    <ClInclude Include="command.h">
      <Filter>Header Files</Filter>
    </ClInclude>
    <ClInclude Include="gamestate.h">
      <Filter>Header Files</Filter>
    </ClInclude>
    <ClInclude Include="taco_game.h">
      <Filter>Header Files</Filter>
    </ClInclude>
    <ClInclude Include="subsystems.h">
      <Filter>Subsystems</Filter>
    </ClInclude>
    <ClInclude Include="console_system.h">
      <Filter>Subsystems</Filter>
    </ClInclude>
    <ClInclude Include="render_system.h">
      <Filter>Subsystems</Filter>
    </ClInclude>
    <ClInclude Include="player_graphics.h">
      <Filter>Header Files</Filter>
    </ClInclude>
    <ClInclude Include="debug_output.h">
      <Filter>Header Files</Filter>
    </ClInclude>
    <ClInclude Include="permanent_state.h">
      <Filter>Header Files</Filter>
    </ClInclude>
    <ClInclude Include="input_handler.h">
      <Filter>Subsystems</Filter>
    </ClInclude>
    <ClInclude Include="script_handler.h">
      <Filter>Header Files</Filter>
    </ClInclude>
    <ClInclude Include="state_script.h">
      <Filter>Header Files</Filter>
    </ClInclude>
    <ClInclude Include="script_elements.h">
      <Filter>Header Files</Filter>
    </ClInclude>
    <ClInclude Include="collisions.h">
      <Filter>Header Files</Filter>
    </ClInclude>
    <ClInclude Include="logging_system.h">
      <Filter>Subsystems</Filter>
    </ClInclude>
    <ClInclude Include="input_buf.h">
      <Filter>Header Files</Filter>
    </ClInclude>
  </ItemGroup>
</Project>